<?xml version="1.0" encoding="utf-8"?>
<Project ToolsVersion="4.0" xmlns="http://schemas.microsoft.com/developer/msbuild/2003">
  <ItemGroup>
    <Filter Include="Source Files">
      <UniqueIdentifier>{4FC737F1-C7A5-4376-A066-2A32D752A2FF}</UniqueIdentifier>
      <Extensions>cpp;c;cc;cxx;def;odl;idl;hpj;bat;asm;asmx</Extensions>
    </Filter>
    <Filter Include="Header Files">
      <UniqueIdentifier>{93995380-89BD-4b04-88EB-625FBE52EBFB}</UniqueIdentifier>
      <Extensions>h;hh;hpp;hxx;hm;inl;inc;xsd</Extensions>
    </Filter>
    <Filter Include="Resource Files">
      <UniqueIdentifier>{67DA6AB6-F800-4c08-8B7A-83BB121AAD01}</UniqueIdentifier>
      <Extensions>rc;ico;cur;bmp;dlg;rc2;rct;bin;rgs;gif;jpg;jpeg;jpe;resx;tiff;tif;png;wav</Extensions>
    </Filter>
  </ItemGroup>
  <ItemGroup>
    <ClCompile Include="src\applyequipmentmode.cpp">
      <Filter>Source Files</Filter>
    </ClCompile>
    <ClCompile Include="src\armamentchooser.cpp">
      <Filter>Source Files</Filter>
    </ClCompile>
    <ClCompile Include="src\armorymainmode.cpp">
      <Filter>Source Files</Filter>
    </ClCompile>
    <ClCompile Include="src\battleaction.cpp">
      <Filter>Source Files</Filter>
    </ClCompile>
    <ClCompile Include="src\battlemode.cpp">
      <Filter>Source Files</Filter>
    </ClCompile>
    <ClCompile Include="src\battlestrategy.cpp">
      <Filter>Source Files</Filter>
    </ClCompile>
    <ClCompile Include="src\battleusableitemchooser.cpp">
      <Filter>Source Files</Filter>
    </ClCompile>
    <ClCompile Include="src\bossbattlemode.cpp">
      <Filter>Source Files</Filter>
    </ClCompile>
    <ClCompile Include="src\buyspellchooser.cpp">
      <Filter>Source Files</Filter>
    </ClCompile>
    <ClCompile Include="src\buyspellsmode.cpp">
      <Filter>Source Files</Filter>
    </ClCompile>
    <ClCompile Include="src\castablespell.cpp">
      <Filter>Source Files</Filter>
    </ClCompile>
    <ClCompile Include="src\castspellaction.cpp">
      <Filter>Source Files</Filter>
    </ClCompile>
    <ClCompile Include="src\castspellchooser.cpp">
      <Filter>Source Files</Filter>
    </ClCompile>
    <ClCompile Include="src\castspellmode.cpp">
      <Filter>Source Files</Filter>
    </ClCompile>
    <ClCompile Include="src\character.cpp">
      <Filter>Source Files</Filter>
    </ClCompile>
    <ClCompile Include="src\chooser.cpp">
      <Filter>Source Files</Filter>
    </ClCompile>
    <ClCompile Include="src\deadmode.cpp">
      <Filter>Source Files</Filter>
    </ClCompile>
    <ClCompile Include="src\effectfactory.cpp">
      <Filter>Source Files</Filter>
    </ClCompile>
    <ClCompile Include="src\effecttype.cpp">
      <Filter>Source Files</Filter>
    </ClCompile>
    <ClCompile Include="src\element.cpp">
      <Filter>Source Files</Filter>
    </ClCompile>
    <ClCompile Include="src\elementchooser.cpp">
      <Filter>Source Files</Filter>
    </ClCompile>
    <ClCompile Include="src\equipableschooser.cpp">
      <Filter>Source Files</Filter>
    </ClCompile>
    <ClCompile Include="src\equipment.cpp">
      <Filter>Source Files</Filter>
    </ClCompile>
    <ClCompile Include="src\equipmode.cpp">
      <Filter>Source Files</Filter>
    </ClCompile>
    <ClCompile Include="src\Errantry.cpp">
      <Filter>Source Files</Filter>
    </ClCompile>
    <ClCompile Include="src\fightaction.cpp">
      <Filter>Source Files</Filter>
    </ClCompile>
    <ClCompile Include="src\gamedata.cpp">
      <Filter>Source Files</Filter>
    </ClCompile>
    <ClCompile Include="src\gamemode.cpp">
      <Filter>Source Files</Filter>
    </ClCompile>
    <ClCompile Include="src\gamestate.cpp">
      <Filter>Source Files</Filter>
    </ClCompile>
    <ClCompile Include="src\generalstoremainmode.cpp">
      <Filter>Source Files</Filter>
    </ClCompile>
    <ClCompile Include="src\intromode.cpp">
      <Filter>Source Files</Filter>
    </ClCompile>
    <ClCompile Include="src\inventorychooser.cpp">
      <Filter>Source Files</Filter>
    </ClCompile>
    <ClCompile Include="src\meltdownequipmentchooser.cpp">
      <Filter>Source Files</Filter>
    </ClCompile>
    <ClCompile Include="src\menumode.cpp">
      <Filter>Source Files</Filter>
    </ClCompile>
    <ClCompile Include="src\monster.cpp">
      <Filter>Source Files</Filter>
    </ClCompile>
    <ClCompile Include="src\monstercastspellaction.cpp">
      <Filter>Source Files</Filter>
    </ClCompile>
    <ClCompile Include="src\overworldmode.cpp">
      <Filter>Source Files</Filter>
    </ClCompile>
    <ClCompile Include="src\Player.cpp">
      <Filter>Source Files</Filter>
    </ClCompile>
    <ClCompile Include="src\playercastspellaction.cpp">
      <Filter>Source Files</Filter>
    </ClCompile>
    <ClCompile Include="src\point.cpp">
      <Filter>Source Files</Filter>
    </ClCompile>
    <ClCompile Include="src\quitmode.cpp">
      <Filter>Source Files</Filter>
    </ClCompile>
    <ClCompile Include="src\randombattlestrategy.cpp">
      <Filter>Source Files</Filter>
    </ClCompile>
    <ClCompile Include="src\runaction.cpp">
      <Filter>Source Files</Filter>
    </ClCompile>
    <ClCompile Include="src\shopbuymode.cpp">
      <Filter>Source Files</Filter>
    </ClCompile>
    <ClCompile Include="src\shopmainmode.cpp">
      <Filter>Source Files</Filter>
    </ClCompile>
    <ClCompile Include="src\shopsellmode.cpp">
      <Filter>Source Files</Filter>
    </ClCompile>
    <ClCompile Include="src\shoptransactionmode.cpp">
      <Filter>Source Files</Filter>
    </ClCompile>
    <ClCompile Include="src\spellchooser.cpp">
      <Filter>Source Files</Filter>
    </ClCompile>
    <ClCompile Include="src\spelltemplate.cpp">
      <Filter>Source Files</Filter>
    </ClCompile>
    <ClCompile Include="src\statmod.cpp">
      <Filter>Source Files</Filter>
    </ClCompile>
    <ClCompile Include="src\statsdisplayer.cpp">
      <Filter>Source Files</Filter>
    </ClCompile>
    <ClCompile Include="src\targetchooser.cpp">
      <Filter>Source Files</Filter>
    </ClCompile>
    <ClCompile Include="src\town.cpp">
      <Filter>Source Files</Filter>
    </ClCompile>
    <ClCompile Include="src\townmode.cpp">
      <Filter>Source Files</Filter>
    </ClCompile>
    <ClCompile Include="src\usableitemchooser.cpp">
      <Filter>Source Files</Filter>
    </ClCompile>
    <ClCompile Include="src\useitemaction.cpp">
      <Filter>Source Files</Filter>
    </ClCompile>
    <ClCompile Include="src\useitemmode.cpp">
      <Filter>Source Files</Filter>
    </ClCompile>
    <ClCompile Include="src\winmode.cpp">
      <Filter>Source Files</Filter>
    </ClCompile>
    <ClCompile Include="src\effects\addweaknesseffect.cpp">
      <Filter>Source Files</Filter>
    </ClCompile>
    <ClCompile Include="src\effects\channeleffect.cpp">
      <Filter>Source Files</Filter>
    </ClCompile>
    <ClCompile Include="src\effects\curestatuseseffect.cpp">
      <Filter>Source Files</Filter>
    </ClCompile>
    <ClCompile Include="src\effects\draineffect.cpp">
      <Filter>Source Files</Filter>
    </ClCompile>
    <ClCompile Include="src\effects\effect.cpp">
      <Filter>Source Files</Filter>
    </ClCompile>
    <ClCompile Include="src\effects\elementaldamageeffect.cpp">
      <Filter>Source Files</Filter>
    </ClCompile>
    <ClCompile Include="src\effects\healeffect.cpp">
      <Filter>Source Files</Filter>
    </ClCompile>
    <ClCompile Include="src\effects\meltdowneffect.cpp">
      <Filter>Source Files</Filter>
    </ClCompile>
    <ClCompile Include="src\effects\monsteraddweaknesseffect.cpp">
      <Filter>Source Files</Filter>
    </ClCompile>
    <ClCompile Include="src\effects\monstermeltdowneffect.cpp">
      <Filter>Source Files</Filter>
    </ClCompile>
    <ClCompile Include="src\effects\monsterremoveweaknesseffect.cpp">
      <Filter>Source Files</Filter>
    </ClCompile>
    <ClCompile Include="src\effects\mpdamageeffect.cpp">
      <Filter>Source Files</Filter>
    </ClCompile>
    <ClCompile Include="src\effects\playeraddweaknesseffect.cpp">
      <Filter>Source Files</Filter>
    </ClCompile>
    <ClCompile Include="src\effects\playermeltdowneffect.cpp">
      <Filter>Source Files</Filter>
    </ClCompile>
    <ClCompile Include="src\effects\playerremoveweaknesseffect.cpp">
      <Filter>Source Files</Filter>
    </ClCompile>
    <ClCompile Include="src\effects\removeweaknesseffect.cpp">
      <Filter>Source Files</Filter>
    </ClCompile>
    <ClCompile Include="src\statuses\blindstatus.cpp">
      <Filter>Source Files</Filter>
    </ClCompile>
    <ClCompile Include="src\statuses\doomedstatus.cpp">
      <Filter>Source Files</Filter>
    </ClCompile>
    <ClCompile Include="src\statuses\hasoppositestatuseffect.cpp">
      <Filter>Source Files</Filter>
    </ClCompile>
    <ClCompile Include="src\statuses\mutestatus.cpp">
      <Filter>Source Files</Filter>
    </ClCompile>
    <ClCompile Include="src\statuses\poisonstatus.cpp">
      <Filter>Source Files</Filter>
    </ClCompile>
    <ClCompile Include="src\statuses\regenstatus.cpp">
      <Filter>Source Files</Filter>
    </ClCompile>
    <ClCompile Include="src\statuses\statuseffect.cpp">
      <Filter>Source Files</Filter>
    </ClCompile>
    <ClCompile Include="src\statuses\statustemplate.cpp">
      <Filter>Source Files</Filter>
    </ClCompile>
    <ClCompile Include="src\statuses\stunstatuseffect.cpp">
      <Filter>Source Files</Filter>
    </ClCompile>
    <ClCompile Include="src\statuses\tempstatmodstatuseffect.cpp">
      <Filter>Source Files</Filter>
    </ClCompile>
    <ClCompile Include="src\util\mathutils.cpp">
      <Filter>Source Files</Filter>
    </ClCompile>
    <ClCompile Include="src\util\randutils.cpp">
      <Filter>Source Files</Filter>
    </ClCompile>
    <ClCompile Include="src\util\streamutils.cpp">
      <Filter>Source Files</Filter>
    </ClCompile>
    <ClCompile Include="src\levelupchooser.cpp">
      <Filter>Source Files</Filter>
    </ClCompile>
  </ItemGroup>
  <ItemGroup>
    <ClInclude Include="src\applyequipmentmode.h">
      <Filter>Header Files</Filter>
    </ClInclude>
    <ClInclude Include="src\armamentchooser.h">
      <Filter>Header Files</Filter>
    </ClInclude>
    <ClInclude Include="src\armorymainmode.h">
      <Filter>Header Files</Filter>
    </ClInclude>
    <ClInclude Include="src\battleaction.h">
      <Filter>Header Files</Filter>
    </ClInclude>
    <ClInclude Include="src\battlemode.h">
      <Filter>Header Files</Filter>
    </ClInclude>
    <ClInclude Include="src\battlestrategy.h">
      <Filter>Header Files</Filter>
    </ClInclude>
    <ClInclude Include="src\battleusableitemchooser.h">
      <Filter>Header Files</Filter>
    </ClInclude>
    <ClInclude Include="src\bossbattlemode.h">
      <Filter>Header Files</Filter>
    </ClInclude>
    <ClInclude Include="src\buyspellchooser.h">
      <Filter>Header Files</Filter>
    </ClInclude>
    <ClInclude Include="src\buyspellsmode.h">
      <Filter>Header Files</Filter>
    </ClInclude>
    <ClInclude Include="src\castablespell.h">
      <Filter>Header Files</Filter>
    </ClInclude>
    <ClInclude Include="src\castspellaction.h">
      <Filter>Header Files</Filter>
    </ClInclude>
    <ClInclude Include="src\castspellchooser.h">
      <Filter>Header Files</Filter>
    </ClInclude>
    <ClInclude Include="src\castspellmode.h">
      <Filter>Header Files</Filter>
    </ClInclude>
    <ClInclude Include="src\character.h">
      <Filter>Header Files</Filter>
    </ClInclude>
    <ClInclude Include="src\chooser.h">
      <Filter>Header Files</Filter>
    </ClInclude>
    <ClInclude Include="src\context.h">
      <Filter>Header Files</Filter>
    </ClInclude>
    <ClInclude Include="src\deadmode.h">
      <Filter>Header Files</Filter>
    </ClInclude>
    <ClInclude Include="src\effectfactory.h">
      <Filter>Header Files</Filter>
    </ClInclude>
    <ClInclude Include="src\effecttype.h">
      <Filter>Header Files</Filter>
    </ClInclude>
    <ClInclude Include="src\element.h">
      <Filter>Header Files</Filter>
    </ClInclude>
    <ClInclude Include="src\elementchooser.h">
      <Filter>Header Files</Filter>
    </ClInclude>
    <ClInclude Include="src\equipableschooser.h">
      <Filter>Header Files</Filter>
    </ClInclude>
    <ClInclude Include="src\equipment.h">
      <Filter>Header Files</Filter>
    </ClInclude>
    <ClInclude Include="src\equipmode.h">
      <Filter>Header Files</Filter>
    </ClInclude>
    <ClInclude Include="src\fightaction.h">
      <Filter>Header Files</Filter>
    </ClInclude>
    <ClInclude Include="src\gamedata.h">
      <Filter>Header Files</Filter>
    </ClInclude>
    <ClInclude Include="src\gamemode.h">
      <Filter>Header Files</Filter>
    </ClInclude>
    <ClInclude Include="src\gamestate.h">
      <Filter>Header Files</Filter>
    </ClInclude>
    <ClInclude Include="src\generalstoremainmode.h">
      <Filter>Header Files</Filter>
    </ClInclude>
    <ClInclude Include="src\intromode.h">
      <Filter>Header Files</Filter>
    </ClInclude>
    <ClInclude Include="src\inventorychooser.h">
      <Filter>Header Files</Filter>
    </ClInclude>
    <ClInclude Include="src\meltdownequipmentchooser.h">
      <Filter>Header Files</Filter>
    </ClInclude>
    <ClInclude Include="src\menumode.h">
      <Filter>Header Files</Filter>
    </ClInclude>
    <ClInclude Include="src\monster.h">
      <Filter>Header Files</Filter>
    </ClInclude>
    <ClInclude Include="src\monstercastspellaction.h">
      <Filter>Header Files</Filter>
    </ClInclude>
    <ClInclude Include="src\overworldmode.h">
      <Filter>Header Files</Filter>
    </ClInclude>
    <ClInclude Include="src\player.h">
      <Filter>Header Files</Filter>
    </ClInclude>
    <ClInclude Include="src\playercastspellaction.h">
      <Filter>Header Files</Filter>
    </ClInclude>
    <ClInclude Include="src\point.h">
      <Filter>Header Files</Filter>
    </ClInclude>
    <ClInclude Include="src\quitmode.h">
      <Filter>Header Files</Filter>
    </ClInclude>
    <ClInclude Include="src\randombattlestrategy.h">
      <Filter>Header Files</Filter>
    </ClInclude>
    <ClInclude Include="src\runaction.h">
      <Filter>Header Files</Filter>
    </ClInclude>
    <ClInclude Include="src\shopbuymode.h">
      <Filter>Header Files</Filter>
    </ClInclude>
    <ClInclude Include="src\shopmainmode.h">
      <Filter>Header Files</Filter>
    </ClInclude>
    <ClInclude Include="src\shopsellmode.h">
      <Filter>Header Files</Filter>
    </ClInclude>
    <ClInclude Include="src\shoptransactionmode.h">
      <Filter>Header Files</Filter>
    </ClInclude>
    <ClInclude Include="src\skipturnaction.h">
      <Filter>Header Files</Filter>
    </ClInclude>
    <ClInclude Include="src\spellchooser.h">
      <Filter>Header Files</Filter>
    </ClInclude>
    <ClInclude Include="src\spelltemplate.h">
      <Filter>Header Files</Filter>
    </ClInclude>
    <ClInclude Include="src\statmod.h">
      <Filter>Header Files</Filter>
    </ClInclude>
    <ClInclude Include="src\statsdisplayer.h">
      <Filter>Header Files</Filter>
    </ClInclude>
    <ClInclude Include="src\targetchooser.h">
      <Filter>Header Files</Filter>
    </ClInclude>
    <ClInclude Include="src\town.h">
      <Filter>Header Files</Filter>
    </ClInclude>
    <ClInclude Include="src\townmode.h">
      <Filter>Header Files</Filter>
    </ClInclude>
    <ClInclude Include="src\usableitemchooser.h">
      <Filter>Header Files</Filter>
    </ClInclude>
    <ClInclude Include="src\useitemaction.h">
      <Filter>Header Files</Filter>
    </ClInclude>
    <ClInclude Include="src\useitemmode.h">
      <Filter>Header Files</Filter>
    </ClInclude>
    <ClInclude Include="src\winmode.h">
      <Filter>Header Files</Filter>
    </ClInclude>
    <ClInclude Include="src\effects\addweaknesseffect.h">
      <Filter>Header Files</Filter>
    </ClInclude>
    <ClInclude Include="src\effects\channeleffect.h">
      <Filter>Header Files</Filter>
    </ClInclude>
    <ClInclude Include="src\effects\curestatuseseffect.h">
      <Filter>Header Files</Filter>
    </ClInclude>
    <ClInclude Include="src\effects\draineffect.h">
      <Filter>Header Files</Filter>
    </ClInclude>
    <ClInclude Include="src\effects\effect.h">
      <Filter>Header Files</Filter>
    </ClInclude>
    <ClInclude Include="src\effects\elementaldamageeffect.h">
      <Filter>Header Files</Filter>
    </ClInclude>
    <ClInclude Include="src\effects\healeffect.h">
      <Filter>Header Files</Filter>
    </ClInclude>
    <ClInclude Include="src\effects\meltdowneffect.h">
      <Filter>Header Files</Filter>
    </ClInclude>
    <ClInclude Include="src\effects\monsteraddweaknesseffect.h">
      <Filter>Header Files</Filter>
    </ClInclude>
    <ClInclude Include="src\effects\monstermeltdowneffect.h">
      <Filter>Header Files</Filter>
    </ClInclude>
    <ClInclude Include="src\effects\monsterremoveweaknesseffect.h">
      <Filter>Header Files</Filter>
    </ClInclude>
    <ClInclude Include="src\effects\mpdamageeffect.h">
      <Filter>Header Files</Filter>
    </ClInclude>
    <ClInclude Include="src\effects\playeraddweaknesseffect.h">
      <Filter>Header Files</Filter>
    </ClInclude>
    <ClInclude Include="src\effects\playermeltdowneffect.h">
      <Filter>Header Files</Filter>
    </ClInclude>
    <ClInclude Include="src\effects\playerremoveweaknesseffect.h">
      <Filter>Header Files</Filter>
    </ClInclude>
    <ClInclude Include="src\effects\removeweaknesseffect.h">
      <Filter>Header Files</Filter>
    </ClInclude>
    <ClInclude Include="src\statuses\blindstatus.h">
      <Filter>Header Files</Filter>
    </ClInclude>
    <ClInclude Include="src\statuses\doomedstatus.h">
      <Filter>Header Files</Filter>
    </ClInclude>
    <ClInclude Include="src\statuses\hasoppositestatuseffect.h">
      <Filter>Header Files</Filter>
    </ClInclude>
    <ClInclude Include="src\statuses\mutestatus.h">
      <Filter>Header Files</Filter>
    </ClInclude>
    <ClInclude Include="src\statuses\poisonstatus.h">
      <Filter>Header Files</Filter>
    </ClInclude>
    <ClInclude Include="src\statuses\regenstatus.h">
      <Filter>Header Files</Filter>
    </ClInclude>
    <ClInclude Include="src\statuses\statusconstants.h">
      <Filter>Header Files</Filter>
    </ClInclude>
    <ClInclude Include="src\statuses\statuseffect.h">
      <Filter>Header Files</Filter>
    </ClInclude>
    <ClInclude Include="src\statuses\statustemplate.h">
      <Filter>Header Files</Filter>
    </ClInclude>
    <ClInclude Include="src\statuses\stunstatuseffect.h">
      <Filter>Header Files</Filter>
    </ClInclude>
    <ClInclude Include="src\statuses\tempstatmodstatuseffect.h">
      <Filter>Header Files</Filter>
    </ClInclude>
    <ClInclude Include="src\util\mathutils.h">
      <Filter>Header Files</Filter>
    </ClInclude>
    <ClInclude Include="src\util\randutils.h">
      <Filter>Header Files</Filter>
    </ClInclude>
    <ClInclude Include="src\util\streamutils.h">
      <Filter>Header Files</Filter>
    </ClInclude>
    <ClInclude Include="src\levelupchooser.h">
      <Filter>Header Files</Filter>
    </ClInclude>
  </ItemGroup>
</Project>